<?xml version="1.0" encoding="utf-8"?>
<Project ToolsVersion="4.0" xmlns="http://schemas.microsoft.com/developer/msbuild/2003">
  <ItemGroup>
    <ClCompile Include="src\field.cpp">
      <Filter>Source Files\src</Filter>
    </ClCompile>
    <ClCompile Include="src\field_binary.cpp">
      <Filter>Source Files\src</Filter>
    </ClCompile>
    <ClCompile Include="src\field_integer.cpp">
      <Filter>Source Files\src</Filter>
    </ClCompile>
    <ClCompile Include="src\field_string_ascii.cpp">
      <Filter>Source Files\src</Filter>
    </ClCompile>
    <ClCompile Include="src\field_string_unicode.cpp">
      <Filter>Source Files\src</Filter>
    </ClCompile>
    <ClCompile Include="src\frame.cpp">
      <Filter>Source Files\src</Filter>
    </ClCompile>
    <ClCompile Include="src\frame_impl.cpp">
      <Filter>Source Files\src</Filter>
    </ClCompile>
    <ClCompile Include="src\frame_parse.cpp">
      <Filter>Source Files\src</Filter>
    </ClCompile>
    <ClCompile Include="src\frame_render.cpp">
      <Filter>Source Files\src</Filter>
    </ClCompile>
    <ClCompile Include="src\globals.cpp">
      <Filter>Source Files\src</Filter>
    </ClCompile>
    <ClCompile Include="src\header.cpp">
      <Filter>Source Files\src</Filter>
    </ClCompile>
    <ClCompile Include="src\header_frame.cpp">
      <Filter>Source Files\src</Filter>
    </ClCompile>
    <ClCompile Include="src\header_tag.cpp">
      <Filter>Source Files\src</Filter>
    </ClCompile>
    <ClCompile Include="src\helpers.cpp">
      <Filter>Source Files\src</Filter>
    </ClCompile>
    <ClCompile Include="src\io.cpp">
      <Filter>Source Files\src</Filter>
    </ClCompile>
    <ClCompile Include="src\io_decorators.cpp">
      <Filter>Source Files\src</Filter>
    </ClCompile>
    <ClCompile Include="src\io_helpers.cpp">
      <Filter>Source Files\src</Filter>
    </ClCompile>
    <ClCompile Include="src\misc_support.cpp">
      <Filter>Source Files\src</Filter>
    </ClCompile>
    <ClCompile Include="src\mp3_parse.cpp">
      <Filter>Source Files\src</Filter>
    </ClCompile>
    <ClCompile Include="src\readers.cpp">
      <Filter>Source Files\src</Filter>
    </ClCompile>
    <ClCompile Include="src\spec.cpp">
      <Filter>Source Files\src</Filter>
    </ClCompile>
    <ClCompile Include="src\tag.cpp">
      <Filter>Source Files\src</Filter>
    </ClCompile>
    <ClCompile Include="src\tag_file.cpp">
      <Filter>Source Files\src</Filter>
    </ClCompile>
    <ClCompile Include="src\tag_find.cpp">
      <Filter>Source Files\src</Filter>
    </ClCompile>
    <ClCompile Include="src\tag_impl.cpp">
      <Filter>Source Files\src</Filter>
    </ClCompile>
    <ClCompile Include="src\tag_parse.cpp">
      <Filter>Source Files\src</Filter>
    </ClCompile>
    <ClCompile Include="src\tag_parse_lyrics3.cpp">
      <Filter>Source Files\src</Filter>
    </ClCompile>
    <ClCompile Include="src\tag_parse_musicmatch.cpp">
      <Filter>Source Files\src</Filter>
    </ClCompile>
    <ClCompile Include="src\tag_parse_v1.cpp">
      <Filter>Source Files\src</Filter>
    </ClCompile>
    <ClCompile Include="src\tag_render.cpp">
      <Filter>Source Files\src</Filter>
    </ClCompile>
    <ClCompile Include="src\utils.cpp">
      <Filter>Source Files\src</Filter>
    </ClCompile>
  </ItemGroup>
  <ItemGroup>
    <ClInclude Include="config.h">
      <Filter>Header Files</Filter>
    </ClInclude>
    <ClInclude Include="src\field_def.h">
      <Filter>Header Files\src</Filter>
    </ClInclude>
    <ClInclude Include="src\field_impl.h">
      <Filter>Header Files\src</Filter>
    </ClInclude>
    <ClInclude Include="src\flags.h">
      <Filter>Header Files\src</Filter>
    </ClInclude>
    <ClInclude Include="src\frame_def.h">
      <Filter>Header Files\src</Filter>
    </ClInclude>
    <ClInclude Include="src\frame_impl.h">
      <Filter>Header Files\src</Filter>
    </ClInclude>
    <ClInclude Include="src\header.h">
      <Filter>Header Files\src</Filter>
    </ClInclude>
    <ClInclude Include="src\header_frame.h">
      <Filter>Header Files\src</Filter>
    </ClInclude>
    <ClInclude Include="src\header_tag.h">
      <Filter>Header Files\src</Filter>
    </ClInclude>
    <ClInclude Include="src\mp3_header.h">
      <Filter>Header Files\src</Filter>
    </ClInclude>
    <ClInclude Include="src\spec.h">
      <Filter>Header Files\src</Filter>
    </ClInclude>
    <ClInclude Include="src\tag_impl.h">
      <Filter>Header Files\src</Filter>
    </ClInclude>
    <ClInclude Include="..\..\..\source\app\include\id3.h" />
    <ClInclude Include="..\..\..\source\app\include\id3\field.h" />
    <ClInclude Include="..\..\..\source\app\include\id3\globals.h" />
    <ClInclude Include="..\..\..\source\app\include\id3\helpers.h" />
    <ClInclude Include="..\..\..\source\app\include\id3\id3lib_frame.h" />
    <ClInclude Include="..\..\..\source\app\include\id3\id3lib_streams.h" />
    <ClInclude Include="..\..\..\source\app\include\id3\id3lib_strings.h" />
    <ClInclude Include="..\..\..\source\app\include\id3\io_decorators.h" />
    <ClInclude Include="..\..\..\source\app\include\id3\io_helpers.h" />
    <ClInclude Include="..\..\..\source\app\include\id3\io_strings.h" />
    <ClInclude Include="..\..\..\source\app\include\id3\misc_support.h" />
    <ClInclude Include="..\..\..\source\app\include\id3\reader.h" />
    <ClInclude Include="..\..\..\source\app\include\id3\sized_types.h" />
    <ClInclude Include="..\..\..\source\app\include\id3\tag.h" />
    <ClInclude Include="..\..\..\source\app\include\id3\utils.h" />
    <ClInclude Include="..\..\..\source\app\include\id3\writer.h" />
    <ClInclude Include="..\..\..\source\app\include\id3\writers.h" />
  </ItemGroup>
  <ItemGroup>
    <Filter Include="Source Files">
      <UniqueIdentifier>{46a3fe05-041a-4fd5-9132-f2b787f5d9b9}</UniqueIdentifier>
    </Filter>
    <Filter Include="Source Files\src">
      <UniqueIdentifier>{33e0a3f2-9976-4420-bfc6-cff725ad2faf}</UniqueIdentifier>
    </Filter>
    <Filter Include="Header Files">
      <UniqueIdentifier>{fceca105-d0c6-47be-8e50-2a1ddc98741e}</UniqueIdentifier>
    </Filter>
    <Filter Include="Header Files\src">
      <UniqueIdentifier>{abeb8978-0433-4546-a21c-1cc8edf882a2}</UniqueIdentifier>
    </Filter>
    <Filter Include="Header Files\include">
      <UniqueIdentifier>{a880aab4-6b64-498f-9b8d-3742b1b2e060}</UniqueIdentifier>
    </Filter>
    <Filter Include="Header Files\include\id3">
      <UniqueIdentifier>{87ffb7e6-2b89-4006-9d1e-212157e4bdaf}</UniqueIdentifier>
    </Filter>
  </ItemGroup>
  <ItemGroup>
    <None Include="baseid3lib.def">
      <Filter>Source Files</Filter>
    </None>
    <None Include="..\..\..\source\app\include\id3\id3lib_bitset" />
  </ItemGroup>
</Project>