// !$*UTF8*$!
{
	archiveVersion = 1;
	classes = {
	};
	objectVersion = 50;
	objects = {

/* Begin PBXBuildFile section */
		9A903FD9284B2F75006B9FD2 /* frame_def.h in Headers */ = {isa = PBXBuildFile; fileRef = 9AEC323B26D099080078C8A4 /* frame_def.h */; };
		9A903FDA284B2F75006B9FD2 /* field_impl.h in Headers */ = {isa = PBXBuildFile; fileRef = 9AEC323F26D099080078C8A4 /* field_impl.h */; };
		9A903FDB284B2F75006B9FD2 /* header_frame.h in Headers */ = {isa = PBXBuildFile; fileRef = 9AEC323E26D099080078C8A4 /* header_frame.h */; };
		9A903FDC284B2F75006B9FD2 /* field_def.h in Headers */ = {isa = PBXBuildFile; fileRef = 9AEC324E26D099080078C8A4 /* field_def.h */; };
		9A903FDD284B2F75006B9FD2 /* header_tag.h in Headers */ = {isa = PBXBuildFile; fileRef = 9AEC325026D099080078C8A4 /* header_tag.h */; };
		9A903FDE284B2F75006B9FD2 /* mp3_header.h in Headers */ = {isa = PBXBuildFile; fileRef = 9AEC323326D099080078C8A4 /* mp3_header.h */; };
		9A903FDF284B2F75006B9FD2 /* spec.h in Headers */ = {isa = PBXBuildFile; fileRef = 9AEC324726D099080078C8A4 /* spec.h */; };
		9A903FE0284B2F75006B9FD2 /* frame_impl.h in Headers */ = {isa = PBXBuildFile; fileRef = 9AEC325726D099080078C8A4 /* frame_impl.h */; };
		9A903FE1284B2F75006B9FD2 /* flags.h in Headers */ = {isa = PBXBuildFile; fileRef = 9AEC323D26D099080078C8A4 /* flags.h */; };
		9A903FE2284B2F75006B9FD2 /* header.h in Headers */ = {isa = PBXBuildFile; fileRef = 9AEC323526D099080078C8A4 /* header.h */; };
		9A903FE3284B2F75006B9FD2 /* tag_impl.h in Headers */ = {isa = PBXBuildFile; fileRef = 9AEC325326D099080078C8A4 /* tag_impl.h */; };
		9A903FE5284B2F75006B9FD2 /* header_frame.cpp in Sources */ = {isa = PBXBuildFile; fileRef = 9AEC324126D099080078C8A4 /* header_frame.cpp */; };
		9A903FE7284B2F75006B9FD2 /* globals.cpp in Sources */ = {isa = PBXBuildFile; fileRef = 9AEC324026D099080078C8A4 /* globals.cpp */; };
		9A903FE8284B2F75006B9FD2 /* tag_parse_v1.cpp in Sources */ = {isa = PBXBuildFile; fileRef = 9AEC323926D099080078C8A4 /* tag_parse_v1.cpp */; };
		9A903FE9284B2F75006B9FD2 /* tag_parse_lyrics3.cpp in Sources */ = {isa = PBXBuildFile; fileRef = 9AEC325626D099080078C8A4 /* tag_parse_lyrics3.cpp */; };
		9A903FEA284B2F75006B9FD2 /* tag_parse_musicmatch.cpp in Sources */ = {isa = PBXBuildFile; fileRef = 9AEC322E26D099070078C8A4 /* tag_parse_musicmatch.cpp */; };
		9A903FEC284B2F75006B9FD2 /* frame_parse.cpp in Sources */ = {isa = PBXBuildFile; fileRef = 9AEC325526D099080078C8A4 /* frame_parse.cpp */; };
		9A903FED284B2F75006B9FD2 /* header.cpp in Sources */ = {isa = PBXBuildFile; fileRef = 9AEC323A26D099080078C8A4 /* header.cpp */; };
		9A903FEE284B2F75006B9FD2 /* field_integer.cpp in Sources */ = {isa = PBXBuildFile; fileRef = 9AEC323626D099080078C8A4 /* field_integer.cpp */; };
		9A903FEF284B2F75006B9FD2 /* tag_file.cpp in Sources */ = {isa = PBXBuildFile; fileRef = 9AEC323726D099080078C8A4 /* tag_file.cpp */; };
		9A903FF0284B2F75006B9FD2 /* field.cpp in Sources */ = {isa = PBXBuildFile; fileRef = 9AEC325126D099080078C8A4 /* field.cpp */; };
		9A903FF1284B2F75006B9FD2 /* frame_impl.cpp in Sources */ = {isa = PBXBuildFile; fileRef = 9AEC322F26D099070078C8A4 /* frame_impl.cpp */; };
		9A903FF2284B2F75006B9FD2 /* field_string_ascii.cpp in Sources */ = {isa = PBXBuildFile; fileRef = 9AEC323426D099080078C8A4 /* field_string_ascii.cpp */; };
		9A903FF3284B2F75006B9FD2 /* mp3_parse.cpp in Sources */ = {isa = PBXBuildFile; fileRef = 9AEC325226D099080078C8A4 /* mp3_parse.cpp */; };
		9A903FF4284B2F75006B9FD2 /* misc_support.cpp in Sources */ = {isa = PBXBuildFile; fileRef = 9AEC322D26D099070078C8A4 /* misc_support.cpp */; };
		9A903FF5284B2F75006B9FD2 /* header_tag.cpp in Sources */ = {isa = PBXBuildFile; fileRef = 9AEC324826D099080078C8A4 /* header_tag.cpp */; };
		9A903FF6284B2F75006B9FD2 /* io_helpers.cpp in Sources */ = {isa = PBXBuildFile; fileRef = 9AEC325826D099080078C8A4 /* io_helpers.cpp */; };
		9A903FF7284B2F75006B9FD2 /* frame_render.cpp in Sources */ = {isa = PBXBuildFile; fileRef = 9AEC324D26D099080078C8A4 /* frame_render.cpp */; };
		9A903FF8284B2F75006B9FD2 /* tag.cpp in Sources */ = {isa = PBXBuildFile; fileRef = 9AEC324A26D099080078C8A4 /* tag.cpp */; };
		9A903FF9284B2F75006B9FD2 /* tag_render.cpp in Sources */ = {isa = PBXBuildFile; fileRef = 9AEC324226D099080078C8A4 /* tag_render.cpp */; };
		9A903FFA284B2F75006B9FD2 /* field_binary.cpp in Sources */ = {isa = PBXBuildFile; fileRef = 9AEC324326D099080078C8A4 /* field_binary.cpp */; };
		9A903FFB284B2F75006B9FD2 /* io.cpp in Sources */ = {isa = PBXBuildFile; fileRef = 9AEC324B26D099080078C8A4 /* io.cpp */; };
		9A903FFC284B2F75006B9FD2 /* helpers.cpp in Sources */ = {isa = PBXBuildFile; fileRef = 9AEC322B26D099070078C8A4 /* helpers.cpp */; };
		9A903FFD284B2F75006B9FD2 /* tag_parse.cpp in Sources */ = {isa = PBXBuildFile; fileRef = 9AEC323C26D099080078C8A4 /* tag_parse.cpp */; };
		9A903FFE284B2F75006B9FD2 /* field_string_unicode.cpp in Sources */ = {isa = PBXBuildFile; fileRef = 9AEC322C26D099070078C8A4 /* field_string_unicode.cpp */; };
		9A903FFF284B2F75006B9FD2 /* frame.cpp in Sources */ = {isa = PBXBuildFile; fileRef = 9AEC323226D099080078C8A4 /* frame.cpp */; };
		9A904000284B2F75006B9FD2 /* tag_find.cpp in Sources */ = {isa = PBXBuildFile; fileRef = 9AEC324526D099080078C8A4 /* tag_find.cpp */; };
		9A904001284B2F75006B9FD2 /* io_decorators.cpp in Sources */ = {isa = PBXBuildFile; fileRef = 9AEC323026D099080078C8A4 /* io_decorators.cpp */; };
		9A904002284B2F75006B9FD2 /* spec.cpp in Sources */ = {isa = PBXBuildFile; fileRef = 9AEC324926D099080078C8A4 /* spec.cpp */; };
		9A904003284B2F75006B9FD2 /* readers.cpp in Sources */ = {isa = PBXBuildFile; fileRef = 9AEC323826D099080078C8A4 /* readers.cpp */; };
		9A904004284B2F75006B9FD2 /* tag_impl.cpp in Sources */ = {isa = PBXBuildFile; fileRef = 9AEC324F26D099080078C8A4 /* tag_impl.cpp */; };
		9A904005284B2F75006B9FD2 /* utils.cpp in Sources */ = {isa = PBXBuildFile; fileRef = 9AEC323126D099080078C8A4 /* utils.cpp */; };
		9A908359299BE08800DAE51B /* _interface_readers.cpp in Sources */ = {isa = PBXBuildFile; fileRef = 9A908358299BE08800DAE51B /* _interface_readers.cpp */; };
		9A90835A299BE08800DAE51B /* _interface_readers.cpp in Sources */ = {isa = PBXBuildFile; fileRef = 9A908358299BE08800DAE51B /* _interface_readers.cpp */; };
		9AEC325926D099080078C8A4 /* helpers.cpp in Sources */ = {isa = PBXBuildFile; fileRef = 9AEC322B26D099070078C8A4 /* helpers.cpp */; };
		9AEC325A26D099080078C8A4 /* field_string_unicode.cpp in Sources */ = {isa = PBXBuildFile; fileRef = 9AEC322C26D099070078C8A4 /* field_string_unicode.cpp */; };
		9AEC325B26D099080078C8A4 /* misc_support.cpp in Sources */ = {isa = PBXBuildFile; fileRef = 9AEC322D26D099070078C8A4 /* misc_support.cpp */; };
		9AEC325C26D099080078C8A4 /* tag_parse_musicmatch.cpp in Sources */ = {isa = PBXBuildFile; fileRef = 9AEC322E26D099070078C8A4 /* tag_parse_musicmatch.cpp */; };
		9AEC325D26D099080078C8A4 /* frame_impl.cpp in Sources */ = {isa = PBXBuildFile; fileRef = 9AEC322F26D099070078C8A4 /* frame_impl.cpp */; };
		9AEC325E26D099080078C8A4 /* io_decorators.cpp in Sources */ = {isa = PBXBuildFile; fileRef = 9AEC323026D099080078C8A4 /* io_decorators.cpp */; };
		9AEC325F26D099080078C8A4 /* utils.cpp in Sources */ = {isa = PBXBuildFile; fileRef = 9AEC323126D099080078C8A4 /* utils.cpp */; };
		9AEC326026D099080078C8A4 /* frame.cpp in Sources */ = {isa = PBXBuildFile; fileRef = 9AEC323226D099080078C8A4 /* frame.cpp */; };
		9AEC326126D099080078C8A4 /* mp3_header.h in Headers */ = {isa = PBXBuildFile; fileRef = 9AEC323326D099080078C8A4 /* mp3_header.h */; };
		9AEC326226D099080078C8A4 /* field_string_ascii.cpp in Sources */ = {isa = PBXBuildFile; fileRef = 9AEC323426D099080078C8A4 /* field_string_ascii.cpp */; };
		9AEC326326D099080078C8A4 /* header.h in Headers */ = {isa = PBXBuildFile; fileRef = 9AEC323526D099080078C8A4 /* header.h */; };
		9AEC326426D099080078C8A4 /* field_integer.cpp in Sources */ = {isa = PBXBuildFile; fileRef = 9AEC323626D099080078C8A4 /* field_integer.cpp */; };
		9AEC326526D099080078C8A4 /* tag_file.cpp in Sources */ = {isa = PBXBuildFile; fileRef = 9AEC323726D099080078C8A4 /* tag_file.cpp */; };
		9AEC326626D099080078C8A4 /* readers.cpp in Sources */ = {isa = PBXBuildFile; fileRef = 9AEC323826D099080078C8A4 /* readers.cpp */; };
		9AEC326726D099080078C8A4 /* tag_parse_v1.cpp in Sources */ = {isa = PBXBuildFile; fileRef = 9AEC323926D099080078C8A4 /* tag_parse_v1.cpp */; };
		9AEC326826D099080078C8A4 /* header.cpp in Sources */ = {isa = PBXBuildFile; fileRef = 9AEC323A26D099080078C8A4 /* header.cpp */; };
		9AEC326926D099080078C8A4 /* frame_def.h in Headers */ = {isa = PBXBuildFile; fileRef = 9AEC323B26D099080078C8A4 /* frame_def.h */; };
		9AEC326A26D099080078C8A4 /* tag_parse.cpp in Sources */ = {isa = PBXBuildFile; fileRef = 9AEC323C26D099080078C8A4 /* tag_parse.cpp */; };
		9AEC326B26D099080078C8A4 /* flags.h in Headers */ = {isa = PBXBuildFile; fileRef = 9AEC323D26D099080078C8A4 /* flags.h */; };
		9AEC326C26D099080078C8A4 /* header_frame.h in Headers */ = {isa = PBXBuildFile; fileRef = 9AEC323E26D099080078C8A4 /* header_frame.h */; };
		9AEC326D26D099080078C8A4 /* field_impl.h in Headers */ = {isa = PBXBuildFile; fileRef = 9AEC323F26D099080078C8A4 /* field_impl.h */; };
		9AEC326E26D099080078C8A4 /* globals.cpp in Sources */ = {isa = PBXBuildFile; fileRef = 9AEC324026D099080078C8A4 /* globals.cpp */; };
		9AEC326F26D099080078C8A4 /* header_frame.cpp in Sources */ = {isa = PBXBuildFile; fileRef = 9AEC324126D099080078C8A4 /* header_frame.cpp */; };
		9AEC327026D099080078C8A4 /* tag_render.cpp in Sources */ = {isa = PBXBuildFile; fileRef = 9AEC324226D099080078C8A4 /* tag_render.cpp */; };
		9AEC327126D099080078C8A4 /* field_binary.cpp in Sources */ = {isa = PBXBuildFile; fileRef = 9AEC324326D099080078C8A4 /* field_binary.cpp */; };
		9AEC327326D099080078C8A4 /* tag_find.cpp in Sources */ = {isa = PBXBuildFile; fileRef = 9AEC324526D099080078C8A4 /* tag_find.cpp */; };
		9AEC327426D099080078C8A4 /* spec.h in Headers */ = {isa = PBXBuildFile; fileRef = 9AEC324726D099080078C8A4 /* spec.h */; };
		9AEC327526D099080078C8A4 /* header_tag.cpp in Sources */ = {isa = PBXBuildFile; fileRef = 9AEC324826D099080078C8A4 /* header_tag.cpp */; };
		9AEC327626D099080078C8A4 /* spec.cpp in Sources */ = {isa = PBXBuildFile; fileRef = 9AEC324926D099080078C8A4 /* spec.cpp */; };
		9AEC327726D099080078C8A4 /* tag.cpp in Sources */ = {isa = PBXBuildFile; fileRef = 9AEC324A26D099080078C8A4 /* tag.cpp */; };
		9AEC327826D099080078C8A4 /* io.cpp in Sources */ = {isa = PBXBuildFile; fileRef = 9AEC324B26D099080078C8A4 /* io.cpp */; };
		9AEC327A26D099080078C8A4 /* frame_render.cpp in Sources */ = {isa = PBXBuildFile; fileRef = 9AEC324D26D099080078C8A4 /* frame_render.cpp */; };
		9AEC327B26D099080078C8A4 /* field_def.h in Headers */ = {isa = PBXBuildFile; fileRef = 9AEC324E26D099080078C8A4 /* field_def.h */; };
		9AEC327C26D099080078C8A4 /* tag_impl.cpp in Sources */ = {isa = PBXBuildFile; fileRef = 9AEC324F26D099080078C8A4 /* tag_impl.cpp */; };
		9AEC327D26D099080078C8A4 /* header_tag.h in Headers */ = {isa = PBXBuildFile; fileRef = 9AEC325026D099080078C8A4 /* header_tag.h */; };
		9AEC327E26D099080078C8A4 /* field.cpp in Sources */ = {isa = PBXBuildFile; fileRef = 9AEC325126D099080078C8A4 /* field.cpp */; };
		9AEC327F26D099080078C8A4 /* mp3_parse.cpp in Sources */ = {isa = PBXBuildFile; fileRef = 9AEC325226D099080078C8A4 /* mp3_parse.cpp */; };
		9AEC328026D099080078C8A4 /* tag_impl.h in Headers */ = {isa = PBXBuildFile; fileRef = 9AEC325326D099080078C8A4 /* tag_impl.h */; };
		9AEC328126D099080078C8A4 /* frame_parse.cpp in Sources */ = {isa = PBXBuildFile; fileRef = 9AEC325526D099080078C8A4 /* frame_parse.cpp */; };
		9AEC328226D099080078C8A4 /* tag_parse_lyrics3.cpp in Sources */ = {isa = PBXBuildFile; fileRef = 9AEC325626D099080078C8A4 /* tag_parse_lyrics3.cpp */; };
		9AEC328326D099080078C8A4 /* frame_impl.h in Headers */ = {isa = PBXBuildFile; fileRef = 9AEC325726D099080078C8A4 /* frame_impl.h */; };
		9AEC328426D099080078C8A4 /* io_helpers.cpp in Sources */ = {isa = PBXBuildFile; fileRef = 9AEC325826D099080078C8A4 /* io_helpers.cpp */; };
		9AEC328926D09F9A0078C8A4 /* libz.tbd in Frameworks */ = {isa = PBXBuildFile; fileRef = 9AEC328826D09F9A0078C8A4 /* libz.tbd */; };
/* End PBXBuildFile section */

/* Begin PBXFileReference section */
		9A03B8442A25C24700A0E33E /* debug.xcconfig */ = {isa = PBXFileReference; fileEncoding = 4; lastKnownFileType = text.xcconfig; name = debug.xcconfig; path = src/debug.xcconfig; sourceTree = SOURCE_ROOT; };
		9A03B8452A25C24700A0E33E /* release.xcconfig */ = {isa = PBXFileReference; fileEncoding = 4; lastKnownFileType = text.xcconfig; path = release.xcconfig; sourceTree = SOURCE_ROOT; };
		9A90400B284B2F75006B9FD2 /* libios_id3lib.a */ = {isa = PBXFileReference; explicitFileType = "compiled.mach-o.dylib"; includeInIndex = 0; path = libios_id3lib.a; sourceTree = BUILT_PRODUCTS_DIR; };
		9A908358299BE08800DAE51B /* _interface_readers.cpp */ = {isa = PBXFileReference; fileEncoding = 4; lastKnownFileType = sourcecode.cpp.cpp; path = _interface_readers.cpp; sourceTree = SOURCE_ROOT; };
		9AEC321826D098A00078C8A4 /* libid3lib.dylib */ = {isa = PBXFileReference; explicitFileType = "compiled.mach-o.dylib"; includeInIndex = 0; path = libid3lib.dylib; sourceTree = BUILT_PRODUCTS_DIR; };
		9AEC322B26D099070078C8A4 /* helpers.cpp */ = {isa = PBXFileReference; fileEncoding = 4; lastKnownFileType = sourcecode.cpp.cpp; path = helpers.cpp; sourceTree = "<group>"; };
		9AEC322C26D099070078C8A4 /* field_string_unicode.cpp */ = {isa = PBXFileReference; fileEncoding = 4; lastKnownFileType = sourcecode.cpp.cpp; path = field_string_unicode.cpp; sourceTree = "<group>"; };
		9AEC322D26D099070078C8A4 /* misc_support.cpp */ = {isa = PBXFileReference; fileEncoding = 4; lastKnownFileType = sourcecode.cpp.cpp; path = misc_support.cpp; sourceTree = "<group>"; };
		9AEC322E26D099070078C8A4 /* tag_parse_musicmatch.cpp */ = {isa = PBXFileReference; fileEncoding = 4; lastKnownFileType = sourcecode.cpp.cpp; path = tag_parse_musicmatch.cpp; sourceTree = "<group>"; };
		9AEC322F26D099070078C8A4 /* frame_impl.cpp */ = {isa = PBXFileReference; fileEncoding = 4; lastKnownFileType = sourcecode.cpp.cpp; path = frame_impl.cpp; sourceTree = "<group>"; };
		9AEC323026D099080078C8A4 /* io_decorators.cpp */ = {isa = PBXFileReference; fileEncoding = 4; lastKnownFileType = sourcecode.cpp.cpp; path = io_decorators.cpp; sourceTree = "<group>"; };
		9AEC323126D099080078C8A4 /* utils.cpp */ = {isa = PBXFileReference; fileEncoding = 4; lastKnownFileType = sourcecode.cpp.cpp; path = utils.cpp; sourceTree = "<group>"; };
		9AEC323226D099080078C8A4 /* frame.cpp */ = {isa = PBXFileReference; fileEncoding = 4; lastKnownFileType = sourcecode.cpp.cpp; path = frame.cpp; sourceTree = "<group>"; };
		9AEC323326D099080078C8A4 /* mp3_header.h */ = {isa = PBXFileReference; fileEncoding = 4; lastKnownFileType = sourcecode.c.h; path = mp3_header.h; sourceTree = "<group>"; };
		9AEC323426D099080078C8A4 /* field_string_ascii.cpp */ = {isa = PBXFileReference; fileEncoding = 4; lastKnownFileType = sourcecode.cpp.cpp; path = field_string_ascii.cpp; sourceTree = "<group>"; };
		9AEC323526D099080078C8A4 /* header.h */ = {isa = PBXFileReference; fileEncoding = 4; lastKnownFileType = sourcecode.c.h; path = header.h; sourceTree = "<group>"; };
		9AEC323626D099080078C8A4 /* field_integer.cpp */ = {isa = PBXFileReference; fileEncoding = 4; lastKnownFileType = sourcecode.cpp.cpp; path = field_integer.cpp; sourceTree = "<group>"; };
		9AEC323726D099080078C8A4 /* tag_file.cpp */ = {isa = PBXFileReference; fileEncoding = 4; lastKnownFileType = sourcecode.cpp.cpp; path = tag_file.cpp; sourceTree = "<group>"; };
		9AEC323826D099080078C8A4 /* readers.cpp */ = {isa = PBXFileReference; fileEncoding = 4; lastKnownFileType = sourcecode.cpp.cpp; path = readers.cpp; sourceTree = "<group>"; };
		9AEC323926D099080078C8A4 /* tag_parse_v1.cpp */ = {isa = PBXFileReference; fileEncoding = 4; lastKnownFileType = sourcecode.cpp.cpp; path = tag_parse_v1.cpp; sourceTree = "<group>"; };
		9AEC323A26D099080078C8A4 /* header.cpp */ = {isa = PBXFileReference; fileEncoding = 4; lastKnownFileType = sourcecode.cpp.cpp; path = header.cpp; sourceTree = "<group>"; };
		9AEC323B26D099080078C8A4 /* frame_def.h */ = {isa = PBXFileReference; fileEncoding = 4; lastKnownFileType = sourcecode.c.h; path = frame_def.h; sourceTree = "<group>"; };
		9AEC323C26D099080078C8A4 /* tag_parse.cpp */ = {isa = PBXFileReference; fileEncoding = 4; lastKnownFileType = sourcecode.cpp.cpp; path = tag_parse.cpp; sourceTree = "<group>"; };
		9AEC323D26D099080078C8A4 /* flags.h */ = {isa = PBXFileReference; fileEncoding = 4; lastKnownFileType = sourcecode.c.h; path = flags.h; sourceTree = "<group>"; };
		9AEC323E26D099080078C8A4 /* header_frame.h */ = {isa = PBXFileReference; fileEncoding = 4; lastKnownFileType = sourcecode.c.h; path = header_frame.h; sourceTree = "<group>"; };
		9AEC323F26D099080078C8A4 /* field_impl.h */ = {isa = PBXFileReference; fileEncoding = 4; lastKnownFileType = sourcecode.c.h; path = field_impl.h; sourceTree = "<group>"; };
		9AEC324026D099080078C8A4 /* globals.cpp */ = {isa = PBXFileReference; fileEncoding = 4; lastKnownFileType = sourcecode.cpp.cpp; path = globals.cpp; sourceTree = "<group>"; };
		9AEC324126D099080078C8A4 /* header_frame.cpp */ = {isa = PBXFileReference; fileEncoding = 4; lastKnownFileType = sourcecode.cpp.cpp; path = header_frame.cpp; sourceTree = "<group>"; };
		9AEC324226D099080078C8A4 /* tag_render.cpp */ = {isa = PBXFileReference; fileEncoding = 4; lastKnownFileType = sourcecode.cpp.cpp; path = tag_render.cpp; sourceTree = "<group>"; };
		9AEC324326D099080078C8A4 /* field_binary.cpp */ = {isa = PBXFileReference; fileEncoding = 4; lastKnownFileType = sourcecode.cpp.cpp; path = field_binary.cpp; sourceTree = "<group>"; };
		9AEC324526D099080078C8A4 /* tag_find.cpp */ = {isa = PBXFileReference; fileEncoding = 4; lastKnownFileType = sourcecode.cpp.cpp; path = tag_find.cpp; sourceTree = "<group>"; };
		9AEC324626D099080078C8A4 /* Makefile.am */ = {isa = PBXFileReference; fileEncoding = 4; lastKnownFileType = text; path = Makefile.am; sourceTree = "<group>"; };
		9AEC324726D099080078C8A4 /* spec.h */ = {isa = PBXFileReference; fileEncoding = 4; lastKnownFileType = sourcecode.c.h; path = spec.h; sourceTree = "<group>"; };
		9AEC324826D099080078C8A4 /* header_tag.cpp */ = {isa = PBXFileReference; fileEncoding = 4; lastKnownFileType = sourcecode.cpp.cpp; path = header_tag.cpp; sourceTree = "<group>"; };
		9AEC324926D099080078C8A4 /* spec.cpp */ = {isa = PBXFileReference; fileEncoding = 4; lastKnownFileType = sourcecode.cpp.cpp; path = spec.cpp; sourceTree = "<group>"; };
		9AEC324A26D099080078C8A4 /* tag.cpp */ = {isa = PBXFileReference; fileEncoding = 4; lastKnownFileType = sourcecode.cpp.cpp; path = tag.cpp; sourceTree = "<group>"; };
		9AEC324B26D099080078C8A4 /* io.cpp */ = {isa = PBXFileReference; fileEncoding = 4; lastKnownFileType = sourcecode.cpp.cpp; path = io.cpp; sourceTree = "<group>"; };
		9AEC324D26D099080078C8A4 /* frame_render.cpp */ = {isa = PBXFileReference; fileEncoding = 4; lastKnownFileType = sourcecode.cpp.cpp; path = frame_render.cpp; sourceTree = "<group>"; };
		9AEC324E26D099080078C8A4 /* field_def.h */ = {isa = PBXFileReference; fileEncoding = 4; lastKnownFileType = sourcecode.c.h; path = field_def.h; sourceTree = "<group>"; };
		9AEC324F26D099080078C8A4 /* tag_impl.cpp */ = {isa = PBXFileReference; fileEncoding = 4; lastKnownFileType = sourcecode.cpp.cpp; path = tag_impl.cpp; sourceTree = "<group>"; };
		9AEC325026D099080078C8A4 /* header_tag.h */ = {isa = PBXFileReference; fileEncoding = 4; lastKnownFileType = sourcecode.c.h; path = header_tag.h; sourceTree = "<group>"; };
		9AEC325126D099080078C8A4 /* field.cpp */ = {isa = PBXFileReference; fileEncoding = 4; lastKnownFileType = sourcecode.cpp.cpp; path = field.cpp; sourceTree = "<group>"; };
		9AEC325226D099080078C8A4 /* mp3_parse.cpp */ = {isa = PBXFileReference; fileEncoding = 4; lastKnownFileType = sourcecode.cpp.cpp; path = mp3_parse.cpp; sourceTree = "<group>"; };
		9AEC325326D099080078C8A4 /* tag_impl.h */ = {isa = PBXFileReference; fileEncoding = 4; lastKnownFileType = sourcecode.c.h; path = tag_impl.h; sourceTree = "<group>"; };
		9AEC325426D099080078C8A4 /* Makefile.in */ = {isa = PBXFileReference; fileEncoding = 4; lastKnownFileType = text; path = Makefile.in; sourceTree = "<group>"; };
		9AEC325526D099080078C8A4 /* frame_parse.cpp */ = {isa = PBXFileReference; fileEncoding = 4; lastKnownFileType = sourcecode.cpp.cpp; path = frame_parse.cpp; sourceTree = "<group>"; };
		9AEC325626D099080078C8A4 /* tag_parse_lyrics3.cpp */ = {isa = PBXFileReference; fileEncoding = 4; lastKnownFileType = sourcecode.cpp.cpp; path = tag_parse_lyrics3.cpp; sourceTree = "<group>"; };
		9AEC325726D099080078C8A4 /* frame_impl.h */ = {isa = PBXFileReference; fileEncoding = 4; lastKnownFileType = sourcecode.c.h; path = frame_impl.h; sourceTree = "<group>"; };
		9AEC325826D099080078C8A4 /* io_helpers.cpp */ = {isa = PBXFileReference; fileEncoding = 4; lastKnownFileType = sourcecode.cpp.cpp; path = io_helpers.cpp; sourceTree = "<group>"; };
		9AEC328826D09F9A0078C8A4 /* libz.tbd */ = {isa = PBXFileReference; lastKnownFileType = "sourcecode.text-based-dylib-definition"; name = libz.tbd; path = usr/lib/libz.tbd; sourceTree = SDKROOT; };
/* End PBXFileReference section */

/* Begin PBXFrameworksBuildPhase section */
		9AEC321626D098A00078C8A4 /* Frameworks */ = {
			isa = PBXFrameworksBuildPhase;
			buildActionMask = 2147483647;
			files = (
				9AEC328926D09F9A0078C8A4 /* libz.tbd in Frameworks */,
			);
			runOnlyForDeploymentPostprocessing = 0;
		};
/* End PBXFrameworksBuildPhase section */

/* Begin PBXGroup section */
		9AEC320F26D098A00078C8A4 = {
			isa = PBXGroup;
			children = (
				9A908358299BE08800DAE51B /* _interface_readers.cpp */,
				9AEC322A26D099070078C8A4 /* src */,
				9AEC321926D098A00078C8A4 /* Products */,
				9AEC328726D09F9A0078C8A4 /* Frameworks */,
			);
			sourceTree = "<group>";
		};
		9AEC321926D098A00078C8A4 /* Products */ = {
			isa = PBXGroup;
			children = (
				9AEC321826D098A00078C8A4 /* libid3lib.dylib */,
				9A90400B284B2F75006B9FD2 /* libios_id3lib.a */,
			);
			name = Products;
			sourceTree = "<group>";
		};
		9AEC322A26D099070078C8A4 /* src */ = {
			isa = PBXGroup;
			children = (
				9A03B8442A25C24700A0E33E /* debug.xcconfig */,
				9AEC324326D099080078C8A4 /* field_binary.cpp */,
				9AEC324E26D099080078C8A4 /* field_def.h */,
				9AEC323F26D099080078C8A4 /* field_impl.h */,
				9AEC323626D099080078C8A4 /* field_integer.cpp */,
				9AEC323426D099080078C8A4 /* field_string_ascii.cpp */,
				9AEC322C26D099070078C8A4 /* field_string_unicode.cpp */,
				9AEC325126D099080078C8A4 /* field.cpp */,
				9AEC323D26D099080078C8A4 /* flags.h */,
				9AEC323B26D099080078C8A4 /* frame_def.h */,
				9AEC322F26D099070078C8A4 /* frame_impl.cpp */,
				9AEC325726D099080078C8A4 /* frame_impl.h */,
				9AEC325526D099080078C8A4 /* frame_parse.cpp */,
				9AEC324D26D099080078C8A4 /* frame_render.cpp */,
				9AEC323226D099080078C8A4 /* frame.cpp */,
				9AEC324026D099080078C8A4 /* globals.cpp */,
				9AEC324126D099080078C8A4 /* header_frame.cpp */,
				9AEC323E26D099080078C8A4 /* header_frame.h */,
				9AEC324826D099080078C8A4 /* header_tag.cpp */,
				9AEC325026D099080078C8A4 /* header_tag.h */,
				9AEC323A26D099080078C8A4 /* header.cpp */,
				9AEC323526D099080078C8A4 /* header.h */,
				9AEC322B26D099070078C8A4 /* helpers.cpp */,
				9AEC323026D099080078C8A4 /* io_decorators.cpp */,
				9AEC325826D099080078C8A4 /* io_helpers.cpp */,
				9AEC324B26D099080078C8A4 /* io.cpp */,
				9AEC324626D099080078C8A4 /* Makefile.am */,
				9AEC325426D099080078C8A4 /* Makefile.in */,
				9AEC322D26D099070078C8A4 /* misc_support.cpp */,
				9AEC323326D099080078C8A4 /* mp3_header.h */,
				9AEC325226D099080078C8A4 /* mp3_parse.cpp */,
				9AEC323826D099080078C8A4 /* readers.cpp */,
				9A03B8452A25C24700A0E33E /* release.xcconfig */,
				9AEC324926D099080078C8A4 /* spec.cpp */,
				9AEC324726D099080078C8A4 /* spec.h */,
				9AEC323726D099080078C8A4 /* tag_file.cpp */,
				9AEC324526D099080078C8A4 /* tag_find.cpp */,
				9AEC324F26D099080078C8A4 /* tag_impl.cpp */,
				9AEC325326D099080078C8A4 /* tag_impl.h */,
				9AEC325626D099080078C8A4 /* tag_parse_lyrics3.cpp */,
				9AEC322E26D099070078C8A4 /* tag_parse_musicmatch.cpp */,
				9AEC323926D099080078C8A4 /* tag_parse_v1.cpp */,
				9AEC323C26D099080078C8A4 /* tag_parse.cpp */,
				9AEC324226D099080078C8A4 /* tag_render.cpp */,
				9AEC324A26D099080078C8A4 /* tag.cpp */,
				9AEC323126D099080078C8A4 /* utils.cpp */,
			);
			path = src;
			sourceTree = "<group>";
		};
		9AEC328726D09F9A0078C8A4 /* Frameworks */ = {
			isa = PBXGroup;
			children = (
				9AEC328826D09F9A0078C8A4 /* libz.tbd */,
			);
			name = Frameworks;
			sourceTree = "<group>";
		};
/* End PBXGroup section */

/* Begin PBXHeadersBuildPhase section */
		9A903FD8284B2F75006B9FD2 /* Headers */ = {
			isa = PBXHeadersBuildPhase;
			buildActionMask = 2147483647;
			files = (
				9A903FD9284B2F75006B9FD2 /* frame_def.h in Headers */,
				9A903FDA284B2F75006B9FD2 /* field_impl.h in Headers */,
				9A903FDB284B2F75006B9FD2 /* header_frame.h in Headers */,
				9A903FDC284B2F75006B9FD2 /* field_def.h in Headers */,
				9A903FDD284B2F75006B9FD2 /* header_tag.h in Headers */,
				9A903FDE284B2F75006B9FD2 /* mp3_header.h in Headers */,
				9A903FDF284B2F75006B9FD2 /* spec.h in Headers */,
				9A903FE0284B2F75006B9FD2 /* frame_impl.h in Headers */,
				9A903FE1284B2F75006B9FD2 /* flags.h in Headers */,
				9A903FE2284B2F75006B9FD2 /* header.h in Headers */,
				9A903FE3284B2F75006B9FD2 /* tag_impl.h in Headers */,
			);
			runOnlyForDeploymentPostprocessing = 0;
		};
		9AEC321426D098A00078C8A4 /* Headers */ = {
			isa = PBXHeadersBuildPhase;
			buildActionMask = 2147483647;
			files = (
				9AEC326926D099080078C8A4 /* frame_def.h in Headers */,
				9AEC326D26D099080078C8A4 /* field_impl.h in Headers */,
				9AEC326C26D099080078C8A4 /* header_frame.h in Headers */,
				9AEC327B26D099080078C8A4 /* field_def.h in Headers */,
				9AEC327D26D099080078C8A4 /* header_tag.h in Headers */,
				9AEC326126D099080078C8A4 /* mp3_header.h in Headers */,
				9AEC327426D099080078C8A4 /* spec.h in Headers */,
				9AEC328326D099080078C8A4 /* frame_impl.h in Headers */,
				9AEC326B26D099080078C8A4 /* flags.h in Headers */,
				9AEC326326D099080078C8A4 /* header.h in Headers */,
				9AEC328026D099080078C8A4 /* tag_impl.h in Headers */,
			);
			runOnlyForDeploymentPostprocessing = 0;
		};
/* End PBXHeadersBuildPhase section */

/* Begin PBXNativeTarget section */
		9A903FD7284B2F75006B9FD2 /* ios_id3lib */ = {
			isa = PBXNativeTarget;
			buildConfigurationList = 9A904008284B2F75006B9FD2 /* Build configuration list for PBXNativeTarget "ios_id3lib" */;
			buildPhases = (
				9A903FD8284B2F75006B9FD2 /* Headers */,
				9A903FE4284B2F75006B9FD2 /* Sources */,
			);
			buildRules = (
			);
			dependencies = (
			);
			name = ios_id3lib;
			productName = id3lib;
			productReference = 9A90400B284B2F75006B9FD2 /* libios_id3lib.a */;
			productType = "com.apple.product-type.library.dynamic";
		};
		9AEC321726D098A00078C8A4 /* id3lib */ = {
			isa = PBXNativeTarget;
			buildConfigurationList = 9AEC322126D098A00078C8A4 /* Build configuration list for PBXNativeTarget "id3lib" */;
			buildPhases = (
				9AEC321426D098A00078C8A4 /* Headers */,
				9AEC321526D098A00078C8A4 /* Sources */,
				9AEC321626D098A00078C8A4 /* Frameworks */,
			);
			buildRules = (
			);
			dependencies = (
			);
			name = id3lib;
			productName = id3lib;
			productReference = 9AEC321826D098A00078C8A4 /* libid3lib.dylib */;
			productType = "com.apple.product-type.library.dynamic";
		};
/* End PBXNativeTarget section */

/* Begin PBXProject section */
		9AEC321026D098A00078C8A4 /* Project object */ = {
			isa = PBXProject;
			attributes = {
				LastUpgradeCheck = 1420;
				TargetAttributes = {
					9AEC321726D098A00078C8A4 = {
						CreatedOnToolsVersion = 12.5.1;
					};
				};
			};
			buildConfigurationList = 9AEC321326D098A00078C8A4 /* Build configuration list for PBXProject "id3lib" */;
			compatibilityVersion = "Xcode 9.3";
			developmentRegion = en;
			hasScannedForEncodings = 0;
			knownRegions = (
				en,
				Base,
			);
			mainGroup = 9AEC320F26D098A00078C8A4;
			productRefGroup = 9AEC321926D098A00078C8A4 /* Products */;
			projectDirPath = "";
			projectRoot = "";
			targets = (
				9AEC321726D098A00078C8A4 /* id3lib */,
				9A903FD7284B2F75006B9FD2 /* ios_id3lib */,
			);
		};
/* End PBXProject section */

/* Begin PBXSourcesBuildPhase section */
		9A903FE4284B2F75006B9FD2 /* Sources */ = {
			isa = PBXSourcesBuildPhase;
			buildActionMask = 2147483647;
			files = (
				9A903FE5284B2F75006B9FD2 /* header_frame.cpp in Sources */,
				9A903FE7284B2F75006B9FD2 /* globals.cpp in Sources */,
				9A903FE8284B2F75006B9FD2 /* tag_parse_v1.cpp in Sources */,
				9A903FE9284B2F75006B9FD2 /* tag_parse_lyrics3.cpp in Sources */,
				9A903FEA284B2F75006B9FD2 /* tag_parse_musicmatch.cpp in Sources */,
				9A903FEC284B2F75006B9FD2 /* frame_parse.cpp in Sources */,
				9A903FED284B2F75006B9FD2 /* header.cpp in Sources */,
				9A903FEE284B2F75006B9FD2 /* field_integer.cpp in Sources */,
				9A903FEF284B2F75006B9FD2 /* tag_file.cpp in Sources */,
				9A903FF0284B2F75006B9FD2 /* field.cpp in Sources */,
				9A903FF1284B2F75006B9FD2 /* frame_impl.cpp in Sources */,
				9A903FF2284B2F75006B9FD2 /* field_string_ascii.cpp in Sources */,
				9A903FF3284B2F75006B9FD2 /* mp3_parse.cpp in Sources */,
				9A903FF4284B2F75006B9FD2 /* misc_support.cpp in Sources */,
				9A903FF5284B2F75006B9FD2 /* header_tag.cpp in Sources */,
				9A903FF6284B2F75006B9FD2 /* io_helpers.cpp in Sources */,
				9A903FF7284B2F75006B9FD2 /* frame_render.cpp in Sources */,
				9A903FF8284B2F75006B9FD2 /* tag.cpp in Sources */,
				9A903FF9284B2F75006B9FD2 /* tag_render.cpp in Sources */,
				9A903FFA284B2F75006B9FD2 /* field_binary.cpp in Sources */,
				9A903FFB284B2F75006B9FD2 /* io.cpp in Sources */,
				9A903FFC284B2F75006B9FD2 /* helpers.cpp in Sources */,
				9A903FFD284B2F75006B9FD2 /* tag_parse.cpp in Sources */,
				9A903FFE284B2F75006B9FD2 /* field_string_unicode.cpp in Sources */,
				9A903FFF284B2F75006B9FD2 /* frame.cpp in Sources */,
				9A904000284B2F75006B9FD2 /* tag_find.cpp in Sources */,
				9A904001284B2F75006B9FD2 /* io_decorators.cpp in Sources */,
				9A904002284B2F75006B9FD2 /* spec.cpp in Sources */,
				9A90835A299BE08800DAE51B /* _interface_readers.cpp in Sources */,
				9A904003284B2F75006B9FD2 /* readers.cpp in Sources */,
				9A904004284B2F75006B9FD2 /* tag_impl.cpp in Sources */,
				9A904005284B2F75006B9FD2 /* utils.cpp in Sources */,
			);
			runOnlyForDeploymentPostprocessing = 0;
		};
		9AEC321526D098A00078C8A4 /* Sources */ = {
			isa = PBXSourcesBuildPhase;
			buildActionMask = 2147483647;
			files = (
				9AEC326F26D099080078C8A4 /* header_frame.cpp in Sources */,
				9AEC326E26D099080078C8A4 /* globals.cpp in Sources */,
				9AEC326726D099080078C8A4 /* tag_parse_v1.cpp in Sources */,
				9AEC328226D099080078C8A4 /* tag_parse_lyrics3.cpp in Sources */,
				9AEC325C26D099080078C8A4 /* tag_parse_musicmatch.cpp in Sources */,
				9AEC328126D099080078C8A4 /* frame_parse.cpp in Sources */,
				9AEC326826D099080078C8A4 /* header.cpp in Sources */,
				9AEC326426D099080078C8A4 /* field_integer.cpp in Sources */,
				9AEC326526D099080078C8A4 /* tag_file.cpp in Sources */,
				9AEC327E26D099080078C8A4 /* field.cpp in Sources */,
				9AEC325D26D099080078C8A4 /* frame_impl.cpp in Sources */,
				9AEC326226D099080078C8A4 /* field_string_ascii.cpp in Sources */,
				9AEC327F26D099080078C8A4 /* mp3_parse.cpp in Sources */,
				9AEC325B26D099080078C8A4 /* misc_support.cpp in Sources */,
				9AEC327526D099080078C8A4 /* header_tag.cpp in Sources */,
				9AEC328426D099080078C8A4 /* io_helpers.cpp in Sources */,
				9AEC327A26D099080078C8A4 /* frame_render.cpp in Sources */,
				9AEC327726D099080078C8A4 /* tag.cpp in Sources */,
				9AEC327026D099080078C8A4 /* tag_render.cpp in Sources */,
				9AEC327126D099080078C8A4 /* field_binary.cpp in Sources */,
				9AEC327826D099080078C8A4 /* io.cpp in Sources */,
				9AEC325926D099080078C8A4 /* helpers.cpp in Sources */,
				9AEC326A26D099080078C8A4 /* tag_parse.cpp in Sources */,
				9AEC325A26D099080078C8A4 /* field_string_unicode.cpp in Sources */,
				9AEC326026D099080078C8A4 /* frame.cpp in Sources */,
				9AEC327326D099080078C8A4 /* tag_find.cpp in Sources */,
				9AEC325E26D099080078C8A4 /* io_decorators.cpp in Sources */,
				9AEC327626D099080078C8A4 /* spec.cpp in Sources */,
				9A908359299BE08800DAE51B /* _interface_readers.cpp in Sources */,
				9AEC326626D099080078C8A4 /* readers.cpp in Sources */,
				9AEC327C26D099080078C8A4 /* tag_impl.cpp in Sources */,
				9AEC325F26D099080078C8A4 /* utils.cpp in Sources */,
			);
			runOnlyForDeploymentPostprocessing = 0;
		};
/* End PBXSourcesBuildPhase section */

/* Begin XCBuildConfiguration section */
		9A904009284B2F75006B9FD2 /* Debug */ = {
			isa = XCBuildConfiguration;
			buildSettings = {
				EXECUTABLE_EXTENSION = a;
				MACH_O_TYPE = staticlib;
				MACOSX_DEPLOYMENT_TARGET = "$(BUILD_MACHINE_MACOS_DEPLOYMENT_TARGET)";
				PLATFORM_MODIFIER = ios;
				SDKROOT = iphoneos;
			};
			name = Debug;
		};
		9A90400A284B2F75006B9FD2 /* Release */ = {
			isa = XCBuildConfiguration;
			buildSettings = {
				EXECUTABLE_EXTENSION = a;
				MACH_O_TYPE = staticlib;
				MACOSX_DEPLOYMENT_TARGET = "$(BUILD_MACHINE_MACOS_DEPLOYMENT_TARGET)";
				PLATFORM_MODIFIER = ios;
				SDKROOT = iphoneos;
			};
			name = Release;
		};
		9AEC321F26D098A00078C8A4 /* Debug */ = {
			isa = XCBuildConfiguration;
			baseConfigurationReference = 9A03B8442A25C24700A0E33E /* debug.xcconfig */;
			buildSettings = {
				ALWAYS_SEARCH_USER_PATHS = NO;
				BUILD_LIBRARY_FOR_DISTRIBUTION = YES;
				CLANG_ANALYZER_GCD = YES;
				CLANG_ANALYZER_LOCALIZABILITY_NONLOCALIZED = YES;
				CLANG_ANALYZER_MEMORY_MANAGEMENT = YES;
				CLANG_ANALYZER_NONNULL = YES;
				CLANG_ANALYZER_NUMBER_OBJECT_CONVERSION = YES_AGGRESSIVE;
				CLANG_CXX_LANGUAGE_STANDARD = "c++20";
				CLANG_ENABLE_OBJC_ARC = YES;
				CLANG_ENABLE_OBJC_WEAK = YES;
				CLANG_STATIC_ANALYZER_MODE = deep;
				CLANG_STATIC_ANALYZER_MODE_ON_ANALYZE_ACTION = deep;
				CLANG_WARN_BLOCK_CAPTURE_AUTORELEASING = YES;
				CLANG_WARN_BOOL_CONVERSION = NO;
				CLANG_WARN_COMMA = YES;
				CLANG_WARN_CONSTANT_CONVERSION = NO;
				CLANG_WARN_DELETE_NON_VIRTUAL_DTOR = NO;
				CLANG_WARN_DEPRECATED_OBJC_IMPLEMENTATIONS = YES;
				CLANG_WARN_DIRECT_OBJC_ISA_USAGE = YES;
				CLANG_WARN_DOCUMENTATION_COMMENTS = YES;
				CLANG_WARN_EMPTY_BODY = NO;
				CLANG_WARN_ENUM_CONVERSION = NO;
				CLANG_WARN_INFINITE_RECURSION = YES;
				CLANG_WARN_INT_CONVERSION = NO;
				CLANG_WARN_NON_LITERAL_NULL_CONVERSION = YES;
				CLANG_WARN_OBJC_IMPLICIT_RETAIN_SELF = YES;
				CLANG_WARN_OBJC_LITERAL_CONVERSION = YES;
				CLANG_WARN_OBJC_ROOT_CLASS = YES_ERROR;
				CLANG_WARN_PRAGMA_PACK = NO;
				CLANG_WARN_QUOTED_INCLUDE_IN_FRAMEWORK_HEADER = YES;
				CLANG_WARN_RANGE_LOOP_ANALYSIS = YES;
				CLANG_WARN_STRICT_PROTOTYPES = YES;
				CLANG_WARN_SUSPICIOUS_MOVE = YES;
				CLANG_WARN_UNGUARDED_AVAILABILITY = YES_AGGRESSIVE;
				CLANG_WARN_UNREACHABLE_CODE = YES;
				CLANG_WARN__DUPLICATE_METHOD_MATCH = NO;
				CODE_SIGN_IDENTITY = "Apple Development";
				CODE_SIGN_STYLE = Automatic;
				COPY_PHASE_STRIP = NO;
				DEAD_CODE_STRIPPING = YES;
				DEBUG_INFORMATION_FORMAT = "dwarf-with-dsym";
				DEPLOYMENT_POSTPROCESSING = YES;
				DEVELOPMENT_TEAM = L8N5V6TZE5;
				DYLIB_COMPATIBILITY_VERSION = 1;
				DYLIB_CURRENT_VERSION = 1;
				ENABLE_STRICT_OBJC_MSGSEND = YES;
				ENABLE_TESTABILITY = YES;
				EXECUTABLE_EXTENSION = dylib;
				EXECUTABLE_PREFIX = lib;
				GCC_C_LANGUAGE_STANDARD = c11;
				GCC_DYNAMIC_NO_PIC = NO;
				GCC_NO_COMMON_BLOCKS = YES;
				GCC_OPTIMIZATION_LEVEL = 0;
				GCC_PREPROCESSOR_DEFINITIONS = (
					HAVE_CONFIG_H,
					"DEBUG=1",
				);
				GCC_SYMBOLS_PRIVATE_EXTERN = NO;
				GCC_VERSION = "";
				GCC_WARN_64_TO_32_BIT_CONVERSION = NO;
				GCC_WARN_ABOUT_DEPRECATED_FUNCTIONS = NO;
				GCC_WARN_ABOUT_POINTER_SIGNEDNESS = YES;
				GCC_WARN_ABOUT_RETURN_TYPE = NO;
				GCC_WARN_UNDECLARED_SELECTOR = NO;
				GCC_WARN_UNINITIALIZED_AUTOS = NO;
				GCC_WARN_UNUSED_FUNCTION = NO;
				GCC_WARN_UNUSED_VARIABLE = NO;
				INSTALL_PATH = "@executable_path";
				IPHONEOS_DEPLOYMENT_TARGET = 12.0;
				LD_RUNPATH_SEARCH_PATHS = "@executable_path";
				LIBRARY_SEARCH_PATHS = (
					"$(inherited)",
					"$(WorkspaceDir)/../operating_system/storage-$(PLATFORM_MODIFIER)/library",
				);
				MACOSX_DEPLOYMENT_TARGET = "$(BUILD_MACHINE_MACOS_DEPLOYMENT_TARGET)";
				ONLY_ACTIVE_ARCH = YES;
				OTHER_LDFLAGS = "-all_load";
				PRODUCT_NAME = "$(TARGET_NAME)";
				RUN_CLANG_STATIC_ANALYZER = NO;
				SDKROOT = macosx;
				SKIP_INSTALL = YES;
				STRINGS_FILE_OUTPUT_ENCODING = "UTF-8";
				STRIP_INSTALLED_PRODUCT = NO;
				SYSTEM_HEADER_SEARCH_PATHS = (
					"$(PROJECT_DIR)/include",
					"$(WorkspaceDir)/source/port/include/operating_system/$(PLATFORM_MODIFIER)",
				);
				USER_HEADER_SEARCH_PATHS = (
					"$(WorkspaceDir)/operating_system/operating_system-$(PLATFORM_MODIFIER)/configuration/$(PROJECT_NAME)",
					"$(PROJECT_DIR)/../../_/$(PROJECT_NAME)",
					"$(PROJECT_DIR)/include",
					.,
					"$(WorkspaceDir)/source",
					"$(WorkspaceDir)/source/include",
					"$(WorkspaceDir)/source/app",
					"$(WorkspaceDir)/source/app/include",
					"$(WorkspaceDir)/operating_system",
					"$(WorkspaceDir)/operating_system/operating_system-$(PLATFORM_MODIFIER)",
					"$(WorkspaceDir)/operating_system/operating_system-$(PLATFORM_MODIFIER)/include",
					"$(WorkspaceDir)/source/port/include/operating_system/$(PLATFORM_MODIFIER)",
					"$(WorkspaceDir)/port/include",
					"$(PROJECT_DIR)",
					"$(PROJECT_DIR)/..",
					"$(PROJECT_DIR)/../..",
					"$(HOME)/sensitive/sensitive/include",
				);
				USE_HEADERMAP = NO;
				WARNING_CFLAGS = "";
				WorkspaceDir = "$(SRCROOT)/../../..";
			};
			name = Debug;
		};
		9AEC322026D098A00078C8A4 /* Release */ = {
			isa = XCBuildConfiguration;
			baseConfigurationReference = 9A03B8452A25C24700A0E33E /* release.xcconfig */;
			buildSettings = {
				ALWAYS_SEARCH_USER_PATHS = NO;
				BUILD_LIBRARY_FOR_DISTRIBUTION = YES;
				CLANG_ANALYZER_GCD = YES;
				CLANG_ANALYZER_LOCALIZABILITY_NONLOCALIZED = YES;
				CLANG_ANALYZER_MEMORY_MANAGEMENT = YES;
				CLANG_ANALYZER_NONNULL = YES;
				CLANG_ANALYZER_NUMBER_OBJECT_CONVERSION = YES_AGGRESSIVE;
				CLANG_CXX_LANGUAGE_STANDARD = "c++20";
				CLANG_ENABLE_OBJC_ARC = YES;
				CLANG_ENABLE_OBJC_WEAK = YES;
				CLANG_STATIC_ANALYZER_MODE = deep;
				CLANG_STATIC_ANALYZER_MODE_ON_ANALYZE_ACTION = deep;
				CLANG_WARN_BLOCK_CAPTURE_AUTORELEASING = YES;
				CLANG_WARN_BOOL_CONVERSION = NO;
				CLANG_WARN_COMMA = YES;
				CLANG_WARN_CONSTANT_CONVERSION = NO;
				CLANG_WARN_DELETE_NON_VIRTUAL_DTOR = NO;
				CLANG_WARN_DEPRECATED_OBJC_IMPLEMENTATIONS = YES;
				CLANG_WARN_DIRECT_OBJC_ISA_USAGE = YES;
				CLANG_WARN_DOCUMENTATION_COMMENTS = YES;
				CLANG_WARN_EMPTY_BODY = NO;
				CLANG_WARN_ENUM_CONVERSION = NO;
				CLANG_WARN_INFINITE_RECURSION = YES;
				CLANG_WARN_INT_CONVERSION = NO;
				CLANG_WARN_NON_LITERAL_NULL_CONVERSION = YES;
				CLANG_WARN_OBJC_IMPLICIT_RETAIN_SELF = YES;
				CLANG_WARN_OBJC_LITERAL_CONVERSION = YES;
				CLANG_WARN_OBJC_ROOT_CLASS = YES_ERROR;
				CLANG_WARN_PRAGMA_PACK = NO;
				CLANG_WARN_QUOTED_INCLUDE_IN_FRAMEWORK_HEADER = YES;
				CLANG_WARN_RANGE_LOOP_ANALYSIS = YES;
				CLANG_WARN_STRICT_PROTOTYPES = YES;
				CLANG_WARN_SUSPICIOUS_MOVE = YES;
				CLANG_WARN_UNGUARDED_AVAILABILITY = YES_AGGRESSIVE;
				CLANG_WARN_UNREACHABLE_CODE = YES;
				CLANG_WARN__DUPLICATE_METHOD_MATCH = NO;
				CODE_SIGN_IDENTITY = "Apple Development";
				CODE_SIGN_STYLE = Automatic;
				DEAD_CODE_STRIPPING = YES;
				DEBUG_INFORMATION_FORMAT = "dwarf-with-dsym";
				DEPLOYMENT_POSTPROCESSING = YES;
				DEVELOPMENT_TEAM = L8N5V6TZE5;
				DYLIB_COMPATIBILITY_VERSION = 1;
				DYLIB_CURRENT_VERSION = 1;
				ENABLE_HARDENED_RUNTIME = YES;
				ENABLE_NS_ASSERTIONS = NO;
				ENABLE_STRICT_OBJC_MSGSEND = YES;
				EXECUTABLE_EXTENSION = dylib;
				EXECUTABLE_PREFIX = lib;
				GCC_C_LANGUAGE_STANDARD = c11;
				GCC_NO_COMMON_BLOCKS = YES;
				GCC_PREPROCESSOR_DEFINITIONS = HAVE_CONFIG_H;
				GCC_VERSION = "";
				GCC_WARN_64_TO_32_BIT_CONVERSION = NO;
				GCC_WARN_ABOUT_DEPRECATED_FUNCTIONS = NO;
				GCC_WARN_ABOUT_POINTER_SIGNEDNESS = YES;
				GCC_WARN_ABOUT_RETURN_TYPE = NO;
				GCC_WARN_UNDECLARED_SELECTOR = NO;
				GCC_WARN_UNINITIALIZED_AUTOS = NO;
				GCC_WARN_UNUSED_FUNCTION = NO;
				GCC_WARN_UNUSED_VARIABLE = NO;
				INSTALL_PATH = "@executable_path";
				IPHONEOS_DEPLOYMENT_TARGET = 12.0;
				LD_RUNPATH_SEARCH_PATHS = "@executable_path";
				LIBRARY_SEARCH_PATHS = (
					"$(inherited)",
					"$(WorkspaceDir)/../operating_system/storage-$(PLATFORM_MODIFIER)/library",
				);
				MACOSX_DEPLOYMENT_TARGET = "$(BUILD_MACHINE_MACOS_DEPLOYMENT_TARGET)";
				OTHER_LDFLAGS = "-all_load";
				PRODUCT_NAME = "$(TARGET_NAME)";
				RUN_CLANG_STATIC_ANALYZER = NO;
				SDKROOT = macosx;
				SKIP_INSTALL = YES;
				STRINGS_FILE_OUTPUT_ENCODING = "UTF-8";
				SYSTEM_HEADER_SEARCH_PATHS = (
					"$(PROJECT_DIR)/include",
					"$(WorkspaceDir)/source/port/include/operating_system/$(PLATFORM_MODIFIER)",
				);
				USER_HEADER_SEARCH_PATHS = (
					"$(WorkspaceDir)/operating_system/operating_system-$(PLATFORM_MODIFIER)/configuration/$(PROJECT_NAME)",
					"$(PROJECT_DIR)/../../_/$(PROJECT_NAME)",
					"$(PROJECT_DIR)/include",
					.,
					"$(WorkspaceDir)/source",
					"$(WorkspaceDir)/source/include",
					"$(WorkspaceDir)/source/app",
					"$(WorkspaceDir)/source/app/include",
					"$(WorkspaceDir)/operating_system",
					"$(WorkspaceDir)/operating_system/operating_system-$(PLATFORM_MODIFIER)",
					"$(WorkspaceDir)/operating_system/operating_system-$(PLATFORM_MODIFIER)/include",
					"$(WorkspaceDir)/source/port/include/operating_system/$(PLATFORM_MODIFIER)",
					"$(WorkspaceDir)/port/include",
					"$(PROJECT_DIR)",
					"$(PROJECT_DIR)/..",
					"$(PROJECT_DIR)/../..",
					"$(HOME)/sensitive/sensitive/include",
				);
				USE_HEADERMAP = NO;
				VALIDATE_PRODUCT = YES;
				WARNING_CFLAGS = "";
				WorkspaceDir = "$(SRCROOT)/../../..";
			};
			name = Release;
		};
		9AEC322226D098A00078C8A4 /* Debug */ = {
			isa = XCBuildConfiguration;
			buildSettings = {
				DEAD_CODE_STRIPPING = YES;
				EXECUTABLE_EXTENSION = dylib;
				EXECUTABLE_PREFIX = lib;
				PLATFORM_MODIFIER = macos;
			};
			name = Debug;
		};
		9AEC322326D098A00078C8A4 /* Release */ = {
			isa = XCBuildConfiguration;
			buildSettings = {
				DEAD_CODE_STRIPPING = YES;
				EXECUTABLE_EXTENSION = dylib;
				EXECUTABLE_PREFIX = lib;
				PLATFORM_MODIFIER = macos;
			};
			name = Release;
		};
/* End XCBuildConfiguration section */

/* Begin XCConfigurationList section */
		9A904008284B2F75006B9FD2 /* Build configuration list for PBXNativeTarget "ios_id3lib" */ = {
			isa = XCConfigurationList;
			buildConfigurations = (
				9A904009284B2F75006B9FD2 /* Debug */,
				9A90400A284B2F75006B9FD2 /* Release */,
			);
			defaultConfigurationIsVisible = 0;
			defaultConfigurationName = Release;
		};
		9AEC321326D098A00078C8A4 /* Build configuration list for PBXProject "id3lib" */ = {
			isa = XCConfigurationList;
			buildConfigurations = (
				9AEC321F26D098A00078C8A4 /* Debug */,
				9AEC322026D098A00078C8A4 /* Release */,
			);
			defaultConfigurationIsVisible = 0;
			defaultConfigurationName = Release;
		};
		9AEC322126D098A00078C8A4 /* Build configuration list for PBXNativeTarget "id3lib" */ = {
			isa = XCConfigurationList;
			buildConfigurations = (
				9AEC322226D098A00078C8A4 /* Debug */,
				9AEC322326D098A00078C8A4 /* Release */,
			);
			defaultConfigurationIsVisible = 0;
			defaultConfigurationName = Release;
		};
/* End XCConfigurationList section */
	};
	rootObject = 9AEC321026D098A00078C8A4 /* Project object */;
}
